
Microsoft Visual Studio Solution File, Format Version 12.00
# Visual Studio Version 17
VisualStudioVersion = 17.13.35825.156 d17.13
MinimumVisualStudioVersion = 10.0.40219.1
Project("{FAE04EC0-301F-11D3-BF4B-00C04F79EFBC}") = "HARDWARE_INVENTORY_MANAGEMENT_SYSTEM", "HARDWARE_INVENTORY_MANAGEMENT_SYSTEM\HARDWARE_INVENTORY_MANAGEMENT_SYSTEM.csproj", "{11F2D195-09D0-4A3F-B470-DCB8BF2B5FC2}"
EndProject
Global
	GlobalSection(SolutionConfigurationPlatforms) = preSolution
		Debug|Any CPU = Debug|Any CPU
		Release|Any CPU = Release|Any CPU
	EndGlobalSection
	GlobalSection(ProjectConfigurationPlatforms) = postSolution
		{11F2D195-09D0-4A3F-B470-DCB8BF2B5FC2}.Debug|Any CPU.ActiveCfg = Debug|Any CPU
		{11F2D195-09D0-4A3F-B470-DCB8BF2B5FC2}.Debug|Any CPU.Build.0 = Debug|Any CPU
		{11F2D195-09D0-4A3F-B470-DCB8BF2B5FC2}.Release|Any CPU.ActiveCfg = Release|Any CPU
		{11F2D195-09D0-4A3F-B470-DCB8BF2B5FC2}.Release|Any CPU.Build.0 = Release|Any CPU
	EndGlobalSection
	GlobalSection(SolutionProperties) = preSolution
		HideSolutionNode = FALSE
	EndGlobalSection
	GlobalSection(ExtensibilityGlobals) = postSolution
		SolutionGuid = {870EF7C5-DC97-4E07-9A80-07E4D9B2D2B5}
	EndGlobalSection
EndGlobal
